
Microsoft Visual Studio Solution File, Format Version 12.00
# Visual Studio Version 16
VisualStudioVersion = 16.0.30907.101
MinimumVisualStudioVersion = 10.0.40219.1
Project("{FAE04EC0-301F-11D3-BF4B-00C04F79EFBC}") = "FinalProject-LMS", "FinalProject-LMS\FinalProject-LMS.csproj", "{6408E294-42DB-4AC7-A5E7-908D8570148B}"
EndProject
Global
	GlobalSection(SolutionConfigurationPlatforms) = preSolution
		Debug|Any CPU = Debug|Any CPU
		Release|Any CPU = Release|Any CPU
	EndGlobalSection
	GlobalSection(ProjectConfigurationPlatforms) = postSolution
		{6408E294-42DB-4AC7-A5E7-908D8570148B}.Debug|Any CPU.ActiveCfg = Debug|Any CPU
		{6408E294-42DB-4AC7-A5E7-908D8570148B}.Debug|Any CPU.Build.0 = Debug|Any CPU
		{6408E294-42DB-4AC7-A5E7-908D8570148B}.Release|Any CPU.ActiveCfg = Release|Any CPU
		{6408E294-42DB-4AC7-A5E7-908D8570148B}.Release|Any CPU.Build.0 = Release|Any CPU
	EndGlobalSection
	GlobalSection(SolutionProperties) = preSolution
		HideSolutionNode = FALSE
	EndGlobalSection
	GlobalSection(ExtensibilityGlobals) = postSolution
		SolutionGuid = {2E928DE1-AB15-41D2-A13F-173DE78CE322}
	EndGlobalSection
EndGlobal
